
Microsoft Visual Studio Solution File, Format Version 12.00
# Visual Studio Version 17
VisualStudioVersion = 17.3.32929.385
MinimumVisualStudioVersion = 10.0.40219.1
Project("{F184B08F-C81C-45F6-A57F-5ABD9991F28F}") = "WpfApp1", "WpfApp1\WpfApp1.vbproj", "{E88DF949-0ECB-42A1-AFA9-394239F88DA4}"
EndProject
Global
	GlobalSection(SolutionConfigurationPlatforms) = preSolution
		Debug|Any CPU = Debug|Any CPU
		Release|Any CPU = Release|Any CPU
	EndGlobalSection
	GlobalSection(ProjectConfigurationPlatforms) = postSolution
		{E88DF949-0ECB-42A1-AFA9-394239F88DA4}.Debug|Any CPU.ActiveCfg = Debug|Any CPU
		{E88DF949-0ECB-42A1-AFA9-394239F88DA4}.Debug|Any CPU.Build.0 = Debug|Any CPU
		{E88DF949-0ECB-42A1-AFA9-394239F88DA4}.Release|Any CPU.ActiveCfg = Release|Any CPU
		{E88DF949-0ECB-42A1-AFA9-394239F88DA4}.Release|Any CPU.Build.0 = Release|Any CPU
	EndGlobalSection
	GlobalSection(SolutionProperties) = preSolution
		HideSolutionNode = FALSE
	EndGlobalSection
	GlobalSection(ExtensibilityGlobals) = postSolution
		SolutionGuid = {40FD316D-8F8C-4FDB-847F-057016379EE6}
	EndGlobalSection
EndGlobal
